
Microsoft Visual Studio Solution File, Format Version 12.00
# Visual Studio Express 2012 for Web
Project("{FAE04EC0-301F-11D3-BF4B-00C04F79EFBC}") = "ProjectEulerProblem21", "ProjectEulerProblem21\ProjectEulerProblem21.csproj", "{4E368B36-CB26-4F95-ACF1-2718C32C5BC3}"
EndProject
Global
	GlobalSection(SolutionConfigurationPlatforms) = preSolution
		Debug|Any CPU = Debug|Any CPU
		Release|Any CPU = Release|Any CPU
	EndGlobalSection
	GlobalSection(ProjectConfigurationPlatforms) = postSolution
		{4E368B36-CB26-4F95-ACF1-2718C32C5BC3}.Debug|Any CPU.ActiveCfg = Debug|Any CPU
		{4E368B36-CB26-4F95-ACF1-2718C32C5BC3}.Debug|Any CPU.Build.0 = Debug|Any CPU
		{4E368B36-CB26-4F95-ACF1-2718C32C5BC3}.Release|Any CPU.ActiveCfg = Release|Any CPU
		{4E368B36-CB26-4F95-ACF1-2718C32C5BC3}.Release|Any CPU.Build.0 = Release|Any CPU
	EndGlobalSection
	GlobalSection(SolutionProperties) = preSolution
		HideSolutionNode = FALSE
	EndGlobalSection
EndGlobal
